
Microsoft Visual Studio Solution File, Format Version 12.00
# Visual Studio Version 17
VisualStudioVersion = 17.6.33815.320
MinimumVisualStudioVersion = 10.0.40219.1
Project("{9A19103F-16F7-4668-BE54-9A1E7A4F7556}") = "BusinessObjects", "BusinessObjects\BusinessObjects.csproj", "{C237AC3D-8530-4348-98DF-FCE8CC8E2D88}"
EndProject
Project("{9A19103F-16F7-4668-BE54-9A1E7A4F7556}") = "DataAccess", "DataAccess\DataAccess.csproj", "{0BAA6B81-D9B9-4A4D-A3B8-681AEECA004F}"
EndProject
Project("{9A19103F-16F7-4668-BE54-9A1E7A4F7556}") = "Repositories", "Repositories\Repositories.csproj", "{538E3093-CB1C-4553-9E5C-1BD43C5A1C8B}"
EndProject
Project("{9A19103F-16F7-4668-BE54-9A1E7A4F7556}") = "ProjectManagementAPI", "ProjectManagementAPI\ProjectManagementAPI.csproj", "{874745FC-4D6D-486F-A187-6A0C28FD4775}"
EndProject
Project("{9A19103F-16F7-4668-BE54-9A1E7A4F7556}") = "SE1611_Group1_Project", "SE1611_Group1_Project\SE1611_Group1_Project.csproj", "{A8FE262A-8C48-4048-B948-C7256FFF2EC1}"
EndProject
Global
	GlobalSection(SolutionConfigurationPlatforms) = preSolution
		Debug|Any CPU = Debug|Any CPU
		Release|Any CPU = Release|Any CPU
	EndGlobalSection
	GlobalSection(ProjectConfigurationPlatforms) = postSolution
		{C237AC3D-8530-4348-98DF-FCE8CC8E2D88}.Debug|Any CPU.ActiveCfg = Debug|Any CPU
		{C237AC3D-8530-4348-98DF-FCE8CC8E2D88}.Debug|Any CPU.Build.0 = Debug|Any CPU
		{C237AC3D-8530-4348-98DF-FCE8CC8E2D88}.Release|Any CPU.ActiveCfg = Release|Any CPU
		{C237AC3D-8530-4348-98DF-FCE8CC8E2D88}.Release|Any CPU.Build.0 = Release|Any CPU
		{0BAA6B81-D9B9-4A4D-A3B8-681AEECA004F}.Debug|Any CPU.ActiveCfg = Debug|Any CPU
		{0BAA6B81-D9B9-4A4D-A3B8-681AEECA004F}.Debug|Any CPU.Build.0 = Debug|Any CPU
		{0BAA6B81-D9B9-4A4D-A3B8-681AEECA004F}.Release|Any CPU.ActiveCfg = Release|Any CPU
		{0BAA6B81-D9B9-4A4D-A3B8-681AEECA004F}.Release|Any CPU.Build.0 = Release|Any CPU
		{538E3093-CB1C-4553-9E5C-1BD43C5A1C8B}.Debug|Any CPU.ActiveCfg = Debug|Any CPU
		{538E3093-CB1C-4553-9E5C-1BD43C5A1C8B}.Debug|Any CPU.Build.0 = Debug|Any CPU
		{538E3093-CB1C-4553-9E5C-1BD43C5A1C8B}.Release|Any CPU.ActiveCfg = Release|Any CPU
		{538E3093-CB1C-4553-9E5C-1BD43C5A1C8B}.Release|Any CPU.Build.0 = Release|Any CPU
		{874745FC-4D6D-486F-A187-6A0C28FD4775}.Debug|Any CPU.ActiveCfg = Debug|Any CPU
		{874745FC-4D6D-486F-A187-6A0C28FD4775}.Debug|Any CPU.Build.0 = Debug|Any CPU
		{874745FC-4D6D-486F-A187-6A0C28FD4775}.Release|Any CPU.ActiveCfg = Release|Any CPU
		{874745FC-4D6D-486F-A187-6A0C28FD4775}.Release|Any CPU.Build.0 = Release|Any CPU
		{A8FE262A-8C48-4048-B948-C7256FFF2EC1}.Debug|Any CPU.ActiveCfg = Debug|Any CPU
		{A8FE262A-8C48-4048-B948-C7256FFF2EC1}.Debug|Any CPU.Build.0 = Debug|Any CPU
		{A8FE262A-8C48-4048-B948-C7256FFF2EC1}.Release|Any CPU.ActiveCfg = Release|Any CPU
		{A8FE262A-8C48-4048-B948-C7256FFF2EC1}.Release|Any CPU.Build.0 = Release|Any CPU
	EndGlobalSection
	GlobalSection(SolutionProperties) = preSolution
		HideSolutionNode = FALSE
	EndGlobalSection
	GlobalSection(ExtensibilityGlobals) = postSolution
		SolutionGuid = {CA9F87F0-FF9B-4E19-83D8-2E3C72859A5D}
	EndGlobalSection
EndGlobal
